
Microsoft Visual Studio Solution File, Format Version 12.00
# Visual Studio Version 17
VisualStudioVersion = 17.2.32630.192
MinimumVisualStudioVersion = 10.0.40219.1
Project("{FAE04EC0-301F-11D3-BF4B-00C04F79EFBC}") = "HotelListing.API", "HotelListing\HotelListing.API.csproj", "{35C697C8-C070-47DE-BA7E-D8C80F89024C}"
EndProject
Project("{FAE04EC0-301F-11D3-BF4B-00C04F79EFBC}") = "HotelListing3.ASPI", "HotelListing5.ASPI\HotelListing3.ASPI.csproj", "{A65C0336-25F4-4674-A220-4BFB911EA168}"
EndProject
Global
	GlobalSection(SolutionConfigurationPlatforms) = preSolution
		Debug|Any CPU = Debug|Any CPU
		Release|Any CPU = Release|Any CPU
	EndGlobalSection
	GlobalSection(ProjectConfigurationPlatforms) = postSolution
		{35C697C8-C070-47DE-BA7E-D8C80F89024C}.Debug|Any CPU.ActiveCfg = Debug|Any CPU
		{35C697C8-C070-47DE-BA7E-D8C80F89024C}.Debug|Any CPU.Build.0 = Debug|Any CPU
		{35C697C8-C070-47DE-BA7E-D8C80F89024C}.Release|Any CPU.ActiveCfg = Release|Any CPU
		{35C697C8-C070-47DE-BA7E-D8C80F89024C}.Release|Any CPU.Build.0 = Release|Any CPU
		{A65C0336-25F4-4674-A220-4BFB911EA168}.Debug|Any CPU.ActiveCfg = Debug|Any CPU
		{A65C0336-25F4-4674-A220-4BFB911EA168}.Debug|Any CPU.Build.0 = Debug|Any CPU
		{A65C0336-25F4-4674-A220-4BFB911EA168}.Release|Any CPU.ActiveCfg = Release|Any CPU
		{A65C0336-25F4-4674-A220-4BFB911EA168}.Release|Any CPU.Build.0 = Release|Any CPU
	EndGlobalSection
	GlobalSection(SolutionProperties) = preSolution
		HideSolutionNode = FALSE
	EndGlobalSection
	GlobalSection(ExtensibilityGlobals) = postSolution
		SolutionGuid = {CB1B1E3E-8995-48AD-BDB1-AA57F654AF87}
	EndGlobalSection
EndGlobal
